{
  "name": "night-owl-docs",
  "version": "1.0.0",
  "lockfileVersion": 2,
  "requires": true,
  "packages": {
    "": {
      "name": "night-owl-docs",
      "version": "1.0.0",
      "license": "ISC",
      "dependencies": {
        "night-owl": "file:.."
      }
    },
    "..": {
      "license": "MIT",
      "dependencies": {
        "chokidar": "^3.5.3",
        "deepmerge": "^4.2.2",
        "gray-matter": "^4.0.3",
        "marked": "^4.1.1",
        "mime-types": "^2.1.35",
        "minimatch": "^5.1.0",
        "pug": "^3.0.2",
        "slugify": "^1.6.5",
        "ws": "^8.9.0"
      },
      "bin": {
        "night-owl": "lib/index.js"
      },
      "engines": {
        "node": ">=14"
      }
    },
    "node_modules/night-owl": {
      "resolved": "..",
      "link": true
    }
  },
  "dependencies": {
    "night-owl": {
      "version": "file:..",
      "requires": {
        "chokidar": "^3.5.3",
        "deepmerge": "^4.2.2",
        "gray-matter": "^4.0.3",
        "marked": "^4.1.1",
        "mime-types": "^2.1.35",
        "minimatch": "^5.1.0",
        "pug": "^3.0.2",
        "slugify": "^1.6.5",
        "ws": "^8.9.0"
      }
    }
  }
}
