{
  "name": "night-owl-docs",
  "version": "1.0.0",
  "lockfileVersion": 2,
  "requires": true,
  "packages": {
    "": {
      "name": "night-owl-docs",
      "version": "1.0.0",
      "license": "ISC",
      "dependencies": {
        "htmlnano": "^2.0.2",
        "night-owl": "file:..",
        "posthtml": "^0.16.6",
        "posthtml-base-url": "^1.1.0"
      }
    },
    "..": {
      "license": "MIT",
      "dependencies": {
        "chokidar": "^3.5.3",
        "deepmerge": "^4.2.2",
        "gray-matter": "^4.0.3",
        "marked": "^4.1.1",
        "mime-types": "^2.1.35",
        "minimatch": "^5.1.0",
        "pug": "^3.0.2",
        "slugify": "^1.6.5",
        "ws": "^8.9.0"
      },
      "bin": {
        "night-owl": "lib/index.js"
      },
      "engines": {
        "node": ">=14"
      }
    },
    "node_modules/@babel/code-frame": {
      "version": "7.18.6",
      "resolved": "https://registry.npmjs.org/@babel/code-frame/-/code-frame-7.18.6.tgz",
      "integrity": "sha512-TDCmlK5eOvH+eH7cdAFlNXeVJqWIQ7gW9tY1GJIpUtFb6CmjVyq2VM3u71bOyR8CRihcCgMUYoDNyLXao3+70Q==",
      "dependencies": {
        "@babel/highlight": "^7.18.6"
      },
      "engines": {
        "node": ">=6.9.0"
      }
    },
    "node_modules/@babel/helper-validator-identifier": {
      "version": "7.19.1",
      "resolved": "https://registry.npmjs.org/@babel/helper-validator-identifier/-/helper-validator-identifier-7.19.1.tgz",
      "integrity": "sha512-awrNfaMtnHUr653GgGEs++LlAvW6w+DcPrOliSMXWCKo597CwL5Acf/wWdNkf/tfEQE3mjkeD1YOVZOUV/od1w==",
      "engines": {
        "node": ">=6.9.0"
      }
    },
    "node_modules/@babel/highlight": {
      "version": "7.18.6",
      "resolved": "https://registry.npmjs.org/@babel/highlight/-/highlight-7.18.6.tgz",
      "integrity": "sha512-u7stbOuYjaPezCuLj29hNW1v64M2Md2qupEKP1fHc7WdOA3DgLh37suiSrZYY7haUB7iBeQZ9P1uiRF359do3g==",
      "dependencies": {
        "@babel/helper-validator-identifier": "^7.18.6",
        "chalk": "^2.0.0",
        "js-tokens": "^4.0.0"
      },
      "engines": {
        "node": ">=6.9.0"
      }
    },
    "node_modules/@types/parse-json": {
      "version": "4.0.0",
      "resolved": "https://registry.npmjs.org/@types/parse-json/-/parse-json-4.0.0.tgz",
      "integrity": "sha512-//oorEZjL6sbPcKUaCdIGlIUeH26mgzimjBB77G6XRgnDl/L5wOnpyBGRe/Mmf5CVW3PwEBE1NjiMZ/ssFh4wA=="
    },
    "node_modules/ansi-styles": {
      "version": "3.2.1",
      "resolved": "https://registry.npmjs.org/ansi-styles/-/ansi-styles-3.2.1.tgz",
      "integrity": "sha512-VT0ZI6kZRdTh8YyJw3SMbYm/u+NqfsAxEpWO0Pf9sq8/e94WxxOpPKx9FR1FlyCtOVDNOQ+8ntlqFxiRc+r5qA==",
      "dependencies": {
        "color-convert": "^1.9.0"
      },
      "engines": {
        "node": ">=4"
      }
    },
    "node_modules/callsites": {
      "version": "3.1.0",
      "resolved": "https://registry.npmjs.org/callsites/-/callsites-3.1.0.tgz",
      "integrity": "sha512-P8BjAsXvZS+VIDUI11hHCQEv74YT67YUi5JJFNWIqL235sBmjX4+qx9Muvls5ivyNENctx46xQLQ3aTuE7ssaQ==",
      "engines": {
        "node": ">=6"
      }
    },
    "node_modules/chalk": {
      "version": "2.4.2",
      "resolved": "https://registry.npmjs.org/chalk/-/chalk-2.4.2.tgz",
      "integrity": "sha512-Mti+f9lpJNcwF4tWV8/OrTTtF1gZi+f8FqlyAdouralcFWFQWF2+NgCHShjkCb+IFBLq9buZwE1xckQU4peSuQ==",
      "dependencies": {
        "ansi-styles": "^3.2.1",
        "escape-string-regexp": "^1.0.5",
        "supports-color": "^5.3.0"
      },
      "engines": {
        "node": ">=4"
      }
    },
    "node_modules/color-convert": {
      "version": "1.9.3",
      "resolved": "https://registry.npmjs.org/color-convert/-/color-convert-1.9.3.tgz",
      "integrity": "sha512-QfAUtd+vFdAtFQcC8CCyYt1fYWxSqAiK2cSD6zDB8N3cpsEBAvRxp9zOGg6G/SHHJYAT88/az/IuDGALsNVbGg==",
      "dependencies": {
        "color-name": "1.1.3"
      }
    },
    "node_modules/color-name": {
      "version": "1.1.3",
      "resolved": "https://registry.npmjs.org/color-name/-/color-name-1.1.3.tgz",
      "integrity": "sha512-72fSenhMw2HZMTVHeCA9KCmpEIbzWiQsjN+BHcBbS9vr1mtt+vJjPdksIBNUmKAW8TFUDPJK5SUU3QhE9NEXDw=="
    },
    "node_modules/cosmiconfig": {
      "version": "7.0.1",
      "resolved": "https://registry.npmjs.org/cosmiconfig/-/cosmiconfig-7.0.1.tgz",
      "integrity": "sha512-a1YWNUV2HwGimB7dU2s1wUMurNKjpx60HxBB6xUM8Re+2s1g1IIfJvFR0/iCF+XHdE0GMTKTuLR32UQff4TEyQ==",
      "dependencies": {
        "@types/parse-json": "^4.0.0",
        "import-fresh": "^3.2.1",
        "parse-json": "^5.0.0",
        "path-type": "^4.0.0",
        "yaml": "^1.10.0"
      },
      "engines": {
        "node": ">=10"
      }
    },
    "node_modules/dom-serializer": {
      "version": "1.4.1",
      "resolved": "https://registry.npmjs.org/dom-serializer/-/dom-serializer-1.4.1.tgz",
      "integrity": "sha512-VHwB3KfrcOOkelEG2ZOfxqLZdfkil8PtJi4P8N2MMXucZq2yLp75ClViUlOVwyoHEDjYU433Aq+5zWP61+RGag==",
      "dependencies": {
        "domelementtype": "^2.0.1",
        "domhandler": "^4.2.0",
        "entities": "^2.0.0"
      },
      "funding": {
        "url": "https://github.com/cheeriojs/dom-serializer?sponsor=1"
      }
    },
    "node_modules/dom-serializer/node_modules/entities": {
      "version": "2.2.0",
      "resolved": "https://registry.npmjs.org/entities/-/entities-2.2.0.tgz",
      "integrity": "sha512-p92if5Nz619I0w+akJrLZH0MX0Pb5DX39XOwQTtXSdQQOaYH03S1uIQp4mhOZtAXrxq4ViO67YTiLBo2638o9A==",
      "funding": {
        "url": "https://github.com/fb55/entities?sponsor=1"
      }
    },
    "node_modules/domelementtype": {
      "version": "2.3.0",
      "resolved": "https://registry.npmjs.org/domelementtype/-/domelementtype-2.3.0.tgz",
      "integrity": "sha512-OLETBj6w0OsagBwdXnPdN0cnMfF9opN69co+7ZrbfPGrdpPVNBUj02spi6B1N7wChLQiPn4CSH/zJvXw56gmHw==",
      "funding": [
        {
          "type": "github",
          "url": "https://github.com/sponsors/fb55"
        }
      ]
    },
    "node_modules/domhandler": {
      "version": "4.3.1",
      "resolved": "https://registry.npmjs.org/domhandler/-/domhandler-4.3.1.tgz",
      "integrity": "sha512-GrwoxYN+uWlzO8uhUXRl0P+kHE4GtVPfYzVLcUxPL7KNdHKj66vvlhiweIHqYYXWlw+T8iLMp42Lm67ghw4WMQ==",
      "dependencies": {
        "domelementtype": "^2.2.0"
      },
      "engines": {
        "node": ">= 4"
      },
      "funding": {
        "url": "https://github.com/fb55/domhandler?sponsor=1"
      }
    },
    "node_modules/domutils": {
      "version": "2.8.0",
      "resolved": "https://registry.npmjs.org/domutils/-/domutils-2.8.0.tgz",
      "integrity": "sha512-w96Cjofp72M5IIhpjgobBimYEfoPjx1Vx0BSX9P30WBdZW2WIKU0T1Bd0kz2eNZ9ikjKgHbEyKx8BB6H1L3h3A==",
      "dependencies": {
        "dom-serializer": "^1.0.1",
        "domelementtype": "^2.2.0",
        "domhandler": "^4.2.0"
      },
      "funding": {
        "url": "https://github.com/fb55/domutils?sponsor=1"
      }
    },
    "node_modules/entities": {
      "version": "3.0.1",
      "resolved": "https://registry.npmjs.org/entities/-/entities-3.0.1.tgz",
      "integrity": "sha512-WiyBqoomrwMdFG1e0kqvASYfnlb0lp8M5o5Fw2OFq1hNZxxcNk8Ik0Xm7LxzBhuidnZB/UtBqVCgUz3kBOP51Q==",
      "engines": {
        "node": ">=0.12"
      },
      "funding": {
        "url": "https://github.com/fb55/entities?sponsor=1"
      }
    },
    "node_modules/error-ex": {
      "version": "1.3.2",
      "resolved": "https://registry.npmjs.org/error-ex/-/error-ex-1.3.2.tgz",
      "integrity": "sha512-7dFHNmqeFSEt2ZBsCriorKnn3Z2pj+fd9kmI6QoWw4//DL+icEBfc0U7qJCisqrTsKTjw4fNFy2pW9OqStD84g==",
      "dependencies": {
        "is-arrayish": "^0.2.1"
      }
    },
    "node_modules/escape-string-regexp": {
      "version": "1.0.5",
      "resolved": "https://registry.npmjs.org/escape-string-regexp/-/escape-string-regexp-1.0.5.tgz",
      "integrity": "sha512-vbRorB5FUQWvla16U8R/qgaFIya2qGzwDrNmCZuYKrbdSUMG6I1ZCGQRefkRVhuOkIGVne7BQ35DSfo1qvJqFg==",
      "engines": {
        "node": ">=0.8.0"
      }
    },
    "node_modules/has-flag": {
      "version": "3.0.0",
      "resolved": "https://registry.npmjs.org/has-flag/-/has-flag-3.0.0.tgz",
      "integrity": "sha512-sKJf1+ceQBr4SMkvQnBDNDtf4TXpVhVGateu0t918bl30FnbE2m4vNLX+VWe/dpjlb+HugGYzW7uQXH98HPEYw==",
      "engines": {
        "node": ">=4"
      }
    },
    "node_modules/htmlnano": {
      "version": "2.0.2",
      "resolved": "https://registry.npmjs.org/htmlnano/-/htmlnano-2.0.2.tgz",
      "integrity": "sha512-+ZrQFS4Ub+zd+/fWwfvoYCEGNEa0/zrpys6CyXxvZDwtL7Pl+pOtRkiujyvBQ7Lmfp7/iEPxtOFgxWA16Gkj3w==",
      "dependencies": {
        "cosmiconfig": "^7.0.1",
        "posthtml": "^0.16.5",
        "timsort": "^0.3.0"
      },
      "peerDependencies": {
        "cssnano": "^5.0.11",
        "postcss": "^8.3.11",
        "purgecss": "^4.0.3",
        "relateurl": "^0.2.7",
        "srcset": "^5.0.0",
        "svgo": "^2.8.0",
        "terser": "^5.10.0",
        "uncss": "^0.17.3"
      },
      "peerDependenciesMeta": {
        "cssnano": {
          "optional": true
        },
        "postcss": {
          "optional": true
        },
        "purgecss": {
          "optional": true
        },
        "relateurl": {
          "optional": true
        },
        "srcset": {
          "optional": true
        },
        "svgo": {
          "optional": true
        },
        "terser": {
          "optional": true
        },
        "uncss": {
          "optional": true
        }
      }
    },
    "node_modules/htmlparser2": {
      "version": "7.2.0",
      "resolved": "https://registry.npmjs.org/htmlparser2/-/htmlparser2-7.2.0.tgz",
      "integrity": "sha512-H7MImA4MS6cw7nbyURtLPO1Tms7C5H602LRETv95z1MxO/7CP7rDVROehUYeYBUYEON94NXXDEPmZuq+hX4sog==",
      "funding": [
        "https://github.com/fb55/htmlparser2?sponsor=1",
        {
          "type": "github",
          "url": "https://github.com/sponsors/fb55"
        }
      ],
      "dependencies": {
        "domelementtype": "^2.0.1",
        "domhandler": "^4.2.2",
        "domutils": "^2.8.0",
        "entities": "^3.0.1"
      }
    },
    "node_modules/import-fresh": {
      "version": "3.3.0",
      "resolved": "https://registry.npmjs.org/import-fresh/-/import-fresh-3.3.0.tgz",
      "integrity": "sha512-veYYhQa+D1QBKznvhUHxb8faxlrwUnxseDAbAp457E0wLNio2bOSKnjYDhMj+YiAq61xrMGhQk9iXVk5FzgQMw==",
      "dependencies": {
        "parent-module": "^1.0.0",
        "resolve-from": "^4.0.0"
      },
      "engines": {
        "node": ">=6"
      },
      "funding": {
        "url": "https://github.com/sponsors/sindresorhus"
      }
    },
    "node_modules/is-arrayish": {
      "version": "0.2.1",
      "resolved": "https://registry.npmjs.org/is-arrayish/-/is-arrayish-0.2.1.tgz",
      "integrity": "sha512-zz06S8t0ozoDXMG+ube26zeCTNXcKIPJZJi8hBrF4idCLms4CG9QtK7qBl1boi5ODzFpjswb5JPmHCbMpjaYzg=="
    },
    "node_modules/is-json": {
      "version": "2.0.1",
      "resolved": "https://registry.npmjs.org/is-json/-/is-json-2.0.1.tgz",
      "integrity": "sha512-6BEnpVn1rcf3ngfmViLM6vjUjGErbdrL4rwlv+u1NO1XO8kqT4YGL8+19Q+Z/bas8tY90BTWMk2+fW1g6hQjbA=="
    },
    "node_modules/is-url-superb": {
      "version": "5.0.0",
      "resolved": "https://registry.npmjs.org/is-url-superb/-/is-url-superb-5.0.0.tgz",
      "integrity": "sha512-jGkG59ra7/JlcV8ap3dsc0M79IgpuFU/obfsSf6X5D0z1NVvFTFuzt4ob7nfBTZEPbTwjGXVKNQDfWfPghapKQ==",
      "engines": {
        "node": ">=10"
      },
      "funding": {
        "url": "https://github.com/sponsors/sindresorhus"
      }
    },
    "node_modules/js-tokens": {
      "version": "4.0.0",
      "resolved": "https://registry.npmjs.org/js-tokens/-/js-tokens-4.0.0.tgz",
      "integrity": "sha512-RdJUflcE3cUzKiMqQgsCu06FPu9UdIJO0beYbPhHN4k6apgJtifcoCtT9bcxOpYBtpD2kCM6Sbzg4CausW/PKQ=="
    },
    "node_modules/json-parse-even-better-errors": {
      "version": "2.3.1",
      "resolved": "https://registry.npmjs.org/json-parse-even-better-errors/-/json-parse-even-better-errors-2.3.1.tgz",
      "integrity": "sha512-xyFwyhro/JEof6Ghe2iz2NcXoj2sloNsWr/XsERDK/oiPCfaNhl5ONfp+jQdAZRQQ0IJWNzH9zIZF7li91kh2w=="
    },
    "node_modules/lines-and-columns": {
      "version": "1.2.4",
      "resolved": "https://registry.npmjs.org/lines-and-columns/-/lines-and-columns-1.2.4.tgz",
      "integrity": "sha512-7ylylesZQ/PV29jhEDl3Ufjo6ZX7gCqJr5F7PKrqc93v7fzSymt1BpwEU8nAUXs8qzzvqhbjhK5QZg6Mt/HkBg=="
    },
    "node_modules/lodash.merge": {
      "version": "4.6.2",
      "resolved": "https://registry.npmjs.org/lodash.merge/-/lodash.merge-4.6.2.tgz",
      "integrity": "sha512-0KpjqXRVvrYyCsX1swR/XTK0va6VQkQM6MNo7PqW77ByjAhoARA8EfrP1N4+KlKj8YS0ZUCtRT/YUuhyYDujIQ=="
    },
    "node_modules/nanoid": {
      "version": "3.3.4",
      "resolved": "https://registry.npmjs.org/nanoid/-/nanoid-3.3.4.tgz",
      "integrity": "sha512-MqBkQh/OHTS2egovRtLk45wEyNXwF+cokD+1YPf9u5VfJiRdAiRwB2froX5Co9Rh20xs4siNPm8naNotSD6RBw==",
      "bin": {
        "nanoid": "bin/nanoid.cjs"
      },
      "engines": {
        "node": "^10 || ^12 || ^13.7 || ^14 || >=15.0.1"
      }
    },
    "node_modules/night-owl": {
      "resolved": "..",
      "link": true
    },
    "node_modules/parent-module": {
      "version": "1.0.1",
      "resolved": "https://registry.npmjs.org/parent-module/-/parent-module-1.0.1.tgz",
      "integrity": "sha512-GQ2EWRpQV8/o+Aw8YqtfZZPfNRWZYkbidE9k5rpl/hC3vtHHBfGm2Ifi6qWV+coDGkrUKZAxE3Lot5kcsRlh+g==",
      "dependencies": {
        "callsites": "^3.0.0"
      },
      "engines": {
        "node": ">=6"
      }
    },
    "node_modules/parse-json": {
      "version": "5.2.0",
      "resolved": "https://registry.npmjs.org/parse-json/-/parse-json-5.2.0.tgz",
      "integrity": "sha512-ayCKvm/phCGxOkYRSCM82iDwct8/EonSEgCSxWxD7ve6jHggsFl4fZVQBPRNgQoKiuV/odhFrGzQXZwbifC8Rg==",
      "dependencies": {
        "@babel/code-frame": "^7.0.0",
        "error-ex": "^1.3.1",
        "json-parse-even-better-errors": "^2.3.0",
        "lines-and-columns": "^1.1.6"
      },
      "engines": {
        "node": ">=8"
      },
      "funding": {
        "url": "https://github.com/sponsors/sindresorhus"
      }
    },
    "node_modules/path-type": {
      "version": "4.0.0",
      "resolved": "https://registry.npmjs.org/path-type/-/path-type-4.0.0.tgz",
      "integrity": "sha512-gDKb8aZMDeD/tZWs9P6+q0J9Mwkdl6xMV8TjnGP3qJVJ06bdMgkbBlLU8IdfOsIsFz2BW1rNVT3XuNEl8zPAvw==",
      "engines": {
        "node": ">=8"
      }
    },
    "node_modules/picocolors": {
      "version": "1.0.0",
      "resolved": "https://registry.npmjs.org/picocolors/-/picocolors-1.0.0.tgz",
      "integrity": "sha512-1fygroTLlHu66zi26VoTDv8yRgm0Fccecssto+MhsZ0D/DGW2sm8E8AjW7NU5VVTRt5GxbeZ5qBuJr+HyLYkjQ=="
    },
    "node_modules/postcss": {
      "version": "8.4.18",
      "resolved": "https://registry.npmjs.org/postcss/-/postcss-8.4.18.tgz",
      "integrity": "sha512-Wi8mWhncLJm11GATDaQKobXSNEYGUHeQLiQqDFG1qQ5UTDPTEvKw0Xt5NsTpktGTwLps3ByrWsBrG0rB8YQ9oA==",
      "funding": [
        {
          "type": "opencollective",
          "url": "https://opencollective.com/postcss/"
        },
        {
          "type": "tidelift",
          "url": "https://tidelift.com/funding/github/npm/postcss"
        }
      ],
      "dependencies": {
        "nanoid": "^3.3.4",
        "picocolors": "^1.0.0",
        "source-map-js": "^1.0.2"
      },
      "engines": {
        "node": "^10 || ^12 || >=14"
      }
    },
    "node_modules/posthtml": {
      "version": "0.16.6",
      "resolved": "https://registry.npmjs.org/posthtml/-/posthtml-0.16.6.tgz",
      "integrity": "sha512-JcEmHlyLK/o0uGAlj65vgg+7LIms0xKXe60lcDOTU7oVX/3LuEuLwrQpW3VJ7de5TaFKiW4kWkaIpJL42FEgxQ==",
      "dependencies": {
        "posthtml-parser": "^0.11.0",
        "posthtml-render": "^3.0.0"
      },
      "engines": {
        "node": ">=12.0.0"
      }
    },
    "node_modules/posthtml-base-url": {
      "version": "1.1.0",
      "resolved": "https://registry.npmjs.org/posthtml-base-url/-/posthtml-base-url-1.1.0.tgz",
      "integrity": "sha512-OjTLKI7dD0WgTK1SHhEOO+AbjP48QWdQOOOo0f4x3z20mf+T6XR0dJEragKanGqP9yAfVEOmGUqgJTGA+pqjDg==",
      "dependencies": {
        "is-url-superb": "^5.0.0",
        "lodash.merge": "^4.6.2",
        "postcss": "^8.4.6",
        "srcset": "^4.0.0"
      },
      "engines": {
        "node": "^12.20.0 || ^14.13.1 || >=16.0.0"
      }
    },
    "node_modules/posthtml-base-url/node_modules/srcset": {
      "version": "4.0.0",
      "resolved": "https://registry.npmjs.org/srcset/-/srcset-4.0.0.tgz",
      "integrity": "sha512-wvLeHgcVHKO8Sc/H/5lkGreJQVeYMm9rlmt8PuR1xE31rIuXhuzznUUqAt8MqLhB3MqJdFzlNAfpcWnxiFUcPw==",
      "engines": {
        "node": ">=12"
      },
      "funding": {
        "url": "https://github.com/sponsors/sindresorhus"
      }
    },
    "node_modules/posthtml-parser": {
      "version": "0.11.0",
      "resolved": "https://registry.npmjs.org/posthtml-parser/-/posthtml-parser-0.11.0.tgz",
      "integrity": "sha512-QecJtfLekJbWVo/dMAA+OSwY79wpRmbqS5TeXvXSX+f0c6pW4/SE6inzZ2qkU7oAMCPqIDkZDvd/bQsSFUnKyw==",
      "dependencies": {
        "htmlparser2": "^7.1.1"
      },
      "engines": {
        "node": ">=12"
      }
    },
    "node_modules/posthtml-render": {
      "version": "3.0.0",
      "resolved": "https://registry.npmjs.org/posthtml-render/-/posthtml-render-3.0.0.tgz",
      "integrity": "sha512-z+16RoxK3fUPgwaIgH9NGnK1HKY9XIDpydky5eQGgAFVXTCSezalv9U2jQuNV+Z9qV1fDWNzldcw4eK0SSbqKA==",
      "dependencies": {
        "is-json": "^2.0.1"
      },
      "engines": {
        "node": ">=12"
      }
    },
    "node_modules/resolve-from": {
      "version": "4.0.0",
      "resolved": "https://registry.npmjs.org/resolve-from/-/resolve-from-4.0.0.tgz",
      "integrity": "sha512-pb/MYmXstAkysRFx8piNI1tGFNQIFA3vkE3Gq4EuA1dF6gHp/+vgZqsCGJapvy8N3Q+4o7FwvquPJcnZ7RYy4g==",
      "engines": {
        "node": ">=4"
      }
    },
    "node_modules/source-map-js": {
      "version": "1.0.2",
      "resolved": "https://registry.npmjs.org/source-map-js/-/source-map-js-1.0.2.tgz",
      "integrity": "sha512-R0XvVJ9WusLiqTCEiGCmICCMplcCkIwwR11mOSD9CR5u+IXYdiseeEuXCVAjS54zqwkLcPNnmU4OeJ6tUrWhDw==",
      "engines": {
        "node": ">=0.10.0"
      }
    },
    "node_modules/srcset": {
      "version": "5.0.0",
      "resolved": "https://registry.npmjs.org/srcset/-/srcset-5.0.0.tgz",
      "integrity": "sha512-SqEZaAEhe0A6ETEa9O1IhSPC7MdvehZtCnTR0AftXk3QhY2UNgb+NApFOUPZILXk/YTDfFxMTNJOBpzrJsEdIA==",
      "optional": true,
      "peer": true,
      "engines": {
        "node": "^12.20.0 || ^14.13.1 || >=16.0.0"
      },
      "funding": {
        "url": "https://github.com/sponsors/sindresorhus"
      }
    },
    "node_modules/supports-color": {
      "version": "5.5.0",
      "resolved": "https://registry.npmjs.org/supports-color/-/supports-color-5.5.0.tgz",
      "integrity": "sha512-QjVjwdXIt408MIiAqCX4oUKsgU2EqAGzs2Ppkm4aQYbjm+ZEWEcW4SfFNTr4uMNZma0ey4f5lgLrkB0aX0QMow==",
      "dependencies": {
        "has-flag": "^3.0.0"
      },
      "engines": {
        "node": ">=4"
      }
    },
    "node_modules/timsort": {
      "version": "0.3.0",
      "resolved": "https://registry.npmjs.org/timsort/-/timsort-0.3.0.tgz",
      "integrity": "sha512-qsdtZH+vMoCARQtyod4imc2nIJwg9Cc7lPRrw9CzF8ZKR0khdr8+2nX80PBhET3tcyTtJDxAffGh2rXH4tyU8A=="
    },
    "node_modules/yaml": {
      "version": "1.10.2",
      "resolved": "https://registry.npmjs.org/yaml/-/yaml-1.10.2.tgz",
      "integrity": "sha512-r3vXyErRCYJ7wg28yvBY5VSoAF8ZvlcW9/BwUzEtUsjvX/DKs24dIkuwjtuprwJJHsbyUbLApepYTR1BN4uHrg==",
      "engines": {
        "node": ">= 6"
      }
    }
  },
  "dependencies": {
    "@babel/code-frame": {
      "version": "7.18.6",
      "resolved": "https://registry.npmjs.org/@babel/code-frame/-/code-frame-7.18.6.tgz",
      "integrity": "sha512-TDCmlK5eOvH+eH7cdAFlNXeVJqWIQ7gW9tY1GJIpUtFb6CmjVyq2VM3u71bOyR8CRihcCgMUYoDNyLXao3+70Q==",
      "requires": {
        "@babel/highlight": "^7.18.6"
      }
    },
    "@babel/helper-validator-identifier": {
      "version": "7.19.1",
      "resolved": "https://registry.npmjs.org/@babel/helper-validator-identifier/-/helper-validator-identifier-7.19.1.tgz",
      "integrity": "sha512-awrNfaMtnHUr653GgGEs++LlAvW6w+DcPrOliSMXWCKo597CwL5Acf/wWdNkf/tfEQE3mjkeD1YOVZOUV/od1w=="
    },
    "@babel/highlight": {
      "version": "7.18.6",
      "resolved": "https://registry.npmjs.org/@babel/highlight/-/highlight-7.18.6.tgz",
      "integrity": "sha512-u7stbOuYjaPezCuLj29hNW1v64M2Md2qupEKP1fHc7WdOA3DgLh37suiSrZYY7haUB7iBeQZ9P1uiRF359do3g==",
      "requires": {
        "@babel/helper-validator-identifier": "^7.18.6",
        "chalk": "^2.0.0",
        "js-tokens": "^4.0.0"
      }
    },
    "@types/parse-json": {
      "version": "4.0.0",
      "resolved": "https://registry.npmjs.org/@types/parse-json/-/parse-json-4.0.0.tgz",
      "integrity": "sha512-//oorEZjL6sbPcKUaCdIGlIUeH26mgzimjBB77G6XRgnDl/L5wOnpyBGRe/Mmf5CVW3PwEBE1NjiMZ/ssFh4wA=="
    },
    "ansi-styles": {
      "version": "3.2.1",
      "resolved": "https://registry.npmjs.org/ansi-styles/-/ansi-styles-3.2.1.tgz",
      "integrity": "sha512-VT0ZI6kZRdTh8YyJw3SMbYm/u+NqfsAxEpWO0Pf9sq8/e94WxxOpPKx9FR1FlyCtOVDNOQ+8ntlqFxiRc+r5qA==",
      "requires": {
        "color-convert": "^1.9.0"
      }
    },
    "callsites": {
      "version": "3.1.0",
      "resolved": "https://registry.npmjs.org/callsites/-/callsites-3.1.0.tgz",
      "integrity": "sha512-P8BjAsXvZS+VIDUI11hHCQEv74YT67YUi5JJFNWIqL235sBmjX4+qx9Muvls5ivyNENctx46xQLQ3aTuE7ssaQ=="
    },
    "chalk": {
      "version": "2.4.2",
      "resolved": "https://registry.npmjs.org/chalk/-/chalk-2.4.2.tgz",
      "integrity": "sha512-Mti+f9lpJNcwF4tWV8/OrTTtF1gZi+f8FqlyAdouralcFWFQWF2+NgCHShjkCb+IFBLq9buZwE1xckQU4peSuQ==",
      "requires": {
        "ansi-styles": "^3.2.1",
        "escape-string-regexp": "^1.0.5",
        "supports-color": "^5.3.0"
      }
    },
    "color-convert": {
      "version": "1.9.3",
      "resolved": "https://registry.npmjs.org/color-convert/-/color-convert-1.9.3.tgz",
      "integrity": "sha512-QfAUtd+vFdAtFQcC8CCyYt1fYWxSqAiK2cSD6zDB8N3cpsEBAvRxp9zOGg6G/SHHJYAT88/az/IuDGALsNVbGg==",
      "requires": {
        "color-name": "1.1.3"
      }
    },
    "color-name": {
      "version": "1.1.3",
      "resolved": "https://registry.npmjs.org/color-name/-/color-name-1.1.3.tgz",
      "integrity": "sha512-72fSenhMw2HZMTVHeCA9KCmpEIbzWiQsjN+BHcBbS9vr1mtt+vJjPdksIBNUmKAW8TFUDPJK5SUU3QhE9NEXDw=="
    },
    "cosmiconfig": {
      "version": "7.0.1",
      "resolved": "https://registry.npmjs.org/cosmiconfig/-/cosmiconfig-7.0.1.tgz",
      "integrity": "sha512-a1YWNUV2HwGimB7dU2s1wUMurNKjpx60HxBB6xUM8Re+2s1g1IIfJvFR0/iCF+XHdE0GMTKTuLR32UQff4TEyQ==",
      "requires": {
        "@types/parse-json": "^4.0.0",
        "import-fresh": "^3.2.1",
        "parse-json": "^5.0.0",
        "path-type": "^4.0.0",
        "yaml": "^1.10.0"
      }
    },
    "dom-serializer": {
      "version": "1.4.1",
      "resolved": "https://registry.npmjs.org/dom-serializer/-/dom-serializer-1.4.1.tgz",
      "integrity": "sha512-VHwB3KfrcOOkelEG2ZOfxqLZdfkil8PtJi4P8N2MMXucZq2yLp75ClViUlOVwyoHEDjYU433Aq+5zWP61+RGag==",
      "requires": {
        "domelementtype": "^2.0.1",
        "domhandler": "^4.2.0",
        "entities": "^2.0.0"
      },
      "dependencies": {
        "entities": {
          "version": "2.2.0",
          "resolved": "https://registry.npmjs.org/entities/-/entities-2.2.0.tgz",
          "integrity": "sha512-p92if5Nz619I0w+akJrLZH0MX0Pb5DX39XOwQTtXSdQQOaYH03S1uIQp4mhOZtAXrxq4ViO67YTiLBo2638o9A=="
        }
      }
    },
    "domelementtype": {
      "version": "2.3.0",
      "resolved": "https://registry.npmjs.org/domelementtype/-/domelementtype-2.3.0.tgz",
      "integrity": "sha512-OLETBj6w0OsagBwdXnPdN0cnMfF9opN69co+7ZrbfPGrdpPVNBUj02spi6B1N7wChLQiPn4CSH/zJvXw56gmHw=="
    },
    "domhandler": {
      "version": "4.3.1",
      "resolved": "https://registry.npmjs.org/domhandler/-/domhandler-4.3.1.tgz",
      "integrity": "sha512-GrwoxYN+uWlzO8uhUXRl0P+kHE4GtVPfYzVLcUxPL7KNdHKj66vvlhiweIHqYYXWlw+T8iLMp42Lm67ghw4WMQ==",
      "requires": {
        "domelementtype": "^2.2.0"
      }
    },
    "domutils": {
      "version": "2.8.0",
      "resolved": "https://registry.npmjs.org/domutils/-/domutils-2.8.0.tgz",
      "integrity": "sha512-w96Cjofp72M5IIhpjgobBimYEfoPjx1Vx0BSX9P30WBdZW2WIKU0T1Bd0kz2eNZ9ikjKgHbEyKx8BB6H1L3h3A==",
      "requires": {
        "dom-serializer": "^1.0.1",
        "domelementtype": "^2.2.0",
        "domhandler": "^4.2.0"
      }
    },
    "entities": {
      "version": "3.0.1",
      "resolved": "https://registry.npmjs.org/entities/-/entities-3.0.1.tgz",
      "integrity": "sha512-WiyBqoomrwMdFG1e0kqvASYfnlb0lp8M5o5Fw2OFq1hNZxxcNk8Ik0Xm7LxzBhuidnZB/UtBqVCgUz3kBOP51Q=="
    },
    "error-ex": {
      "version": "1.3.2",
      "resolved": "https://registry.npmjs.org/error-ex/-/error-ex-1.3.2.tgz",
      "integrity": "sha512-7dFHNmqeFSEt2ZBsCriorKnn3Z2pj+fd9kmI6QoWw4//DL+icEBfc0U7qJCisqrTsKTjw4fNFy2pW9OqStD84g==",
      "requires": {
        "is-arrayish": "^0.2.1"
      }
    },
    "escape-string-regexp": {
      "version": "1.0.5",
      "resolved": "https://registry.npmjs.org/escape-string-regexp/-/escape-string-regexp-1.0.5.tgz",
      "integrity": "sha512-vbRorB5FUQWvla16U8R/qgaFIya2qGzwDrNmCZuYKrbdSUMG6I1ZCGQRefkRVhuOkIGVne7BQ35DSfo1qvJqFg=="
    },
    "has-flag": {
      "version": "3.0.0",
      "resolved": "https://registry.npmjs.org/has-flag/-/has-flag-3.0.0.tgz",
      "integrity": "sha512-sKJf1+ceQBr4SMkvQnBDNDtf4TXpVhVGateu0t918bl30FnbE2m4vNLX+VWe/dpjlb+HugGYzW7uQXH98HPEYw=="
    },
    "htmlnano": {
      "version": "2.0.2",
      "resolved": "https://registry.npmjs.org/htmlnano/-/htmlnano-2.0.2.tgz",
      "integrity": "sha512-+ZrQFS4Ub+zd+/fWwfvoYCEGNEa0/zrpys6CyXxvZDwtL7Pl+pOtRkiujyvBQ7Lmfp7/iEPxtOFgxWA16Gkj3w==",
      "requires": {
        "cosmiconfig": "^7.0.1",
        "posthtml": "^0.16.5",
        "timsort": "^0.3.0"
      }
    },
    "htmlparser2": {
      "version": "7.2.0",
      "resolved": "https://registry.npmjs.org/htmlparser2/-/htmlparser2-7.2.0.tgz",
      "integrity": "sha512-H7MImA4MS6cw7nbyURtLPO1Tms7C5H602LRETv95z1MxO/7CP7rDVROehUYeYBUYEON94NXXDEPmZuq+hX4sog==",
      "requires": {
        "domelementtype": "^2.0.1",
        "domhandler": "^4.2.2",
        "domutils": "^2.8.0",
        "entities": "^3.0.1"
      }
    },
    "import-fresh": {
      "version": "3.3.0",
      "resolved": "https://registry.npmjs.org/import-fresh/-/import-fresh-3.3.0.tgz",
      "integrity": "sha512-veYYhQa+D1QBKznvhUHxb8faxlrwUnxseDAbAp457E0wLNio2bOSKnjYDhMj+YiAq61xrMGhQk9iXVk5FzgQMw==",
      "requires": {
        "parent-module": "^1.0.0",
        "resolve-from": "^4.0.0"
      }
    },
    "is-arrayish": {
      "version": "0.2.1",
      "resolved": "https://registry.npmjs.org/is-arrayish/-/is-arrayish-0.2.1.tgz",
      "integrity": "sha512-zz06S8t0ozoDXMG+ube26zeCTNXcKIPJZJi8hBrF4idCLms4CG9QtK7qBl1boi5ODzFpjswb5JPmHCbMpjaYzg=="
    },
    "is-json": {
      "version": "2.0.1",
      "resolved": "https://registry.npmjs.org/is-json/-/is-json-2.0.1.tgz",
      "integrity": "sha512-6BEnpVn1rcf3ngfmViLM6vjUjGErbdrL4rwlv+u1NO1XO8kqT4YGL8+19Q+Z/bas8tY90BTWMk2+fW1g6hQjbA=="
    },
    "is-url-superb": {
      "version": "5.0.0",
      "resolved": "https://registry.npmjs.org/is-url-superb/-/is-url-superb-5.0.0.tgz",
      "integrity": "sha512-jGkG59ra7/JlcV8ap3dsc0M79IgpuFU/obfsSf6X5D0z1NVvFTFuzt4ob7nfBTZEPbTwjGXVKNQDfWfPghapKQ=="
    },
    "js-tokens": {
      "version": "4.0.0",
      "resolved": "https://registry.npmjs.org/js-tokens/-/js-tokens-4.0.0.tgz",
      "integrity": "sha512-RdJUflcE3cUzKiMqQgsCu06FPu9UdIJO0beYbPhHN4k6apgJtifcoCtT9bcxOpYBtpD2kCM6Sbzg4CausW/PKQ=="
    },
    "json-parse-even-better-errors": {
      "version": "2.3.1",
      "resolved": "https://registry.npmjs.org/json-parse-even-better-errors/-/json-parse-even-better-errors-2.3.1.tgz",
      "integrity": "sha512-xyFwyhro/JEof6Ghe2iz2NcXoj2sloNsWr/XsERDK/oiPCfaNhl5ONfp+jQdAZRQQ0IJWNzH9zIZF7li91kh2w=="
    },
    "lines-and-columns": {
      "version": "1.2.4",
      "resolved": "https://registry.npmjs.org/lines-and-columns/-/lines-and-columns-1.2.4.tgz",
      "integrity": "sha512-7ylylesZQ/PV29jhEDl3Ufjo6ZX7gCqJr5F7PKrqc93v7fzSymt1BpwEU8nAUXs8qzzvqhbjhK5QZg6Mt/HkBg=="
    },
    "lodash.merge": {
      "version": "4.6.2",
      "resolved": "https://registry.npmjs.org/lodash.merge/-/lodash.merge-4.6.2.tgz",
      "integrity": "sha512-0KpjqXRVvrYyCsX1swR/XTK0va6VQkQM6MNo7PqW77ByjAhoARA8EfrP1N4+KlKj8YS0ZUCtRT/YUuhyYDujIQ=="
    },
    "nanoid": {
      "version": "3.3.4",
      "resolved": "https://registry.npmjs.org/nanoid/-/nanoid-3.3.4.tgz",
      "integrity": "sha512-MqBkQh/OHTS2egovRtLk45wEyNXwF+cokD+1YPf9u5VfJiRdAiRwB2froX5Co9Rh20xs4siNPm8naNotSD6RBw=="
    },
    "night-owl": {
      "version": "file:..",
      "requires": {
        "chokidar": "^3.5.3",
        "deepmerge": "^4.2.2",
        "gray-matter": "^4.0.3",
        "marked": "^4.1.1",
        "mime-types": "^2.1.35",
        "minimatch": "^5.1.0",
        "pug": "^3.0.2",
        "slugify": "^1.6.5",
        "ws": "^8.9.0"
      }
    },
    "parent-module": {
      "version": "1.0.1",
      "resolved": "https://registry.npmjs.org/parent-module/-/parent-module-1.0.1.tgz",
      "integrity": "sha512-GQ2EWRpQV8/o+Aw8YqtfZZPfNRWZYkbidE9k5rpl/hC3vtHHBfGm2Ifi6qWV+coDGkrUKZAxE3Lot5kcsRlh+g==",
      "requires": {
        "callsites": "^3.0.0"
      }
    },
    "parse-json": {
      "version": "5.2.0",
      "resolved": "https://registry.npmjs.org/parse-json/-/parse-json-5.2.0.tgz",
      "integrity": "sha512-ayCKvm/phCGxOkYRSCM82iDwct8/EonSEgCSxWxD7ve6jHggsFl4fZVQBPRNgQoKiuV/odhFrGzQXZwbifC8Rg==",
      "requires": {
        "@babel/code-frame": "^7.0.0",
        "error-ex": "^1.3.1",
        "json-parse-even-better-errors": "^2.3.0",
        "lines-and-columns": "^1.1.6"
      }
    },
    "path-type": {
      "version": "4.0.0",
      "resolved": "https://registry.npmjs.org/path-type/-/path-type-4.0.0.tgz",
      "integrity": "sha512-gDKb8aZMDeD/tZWs9P6+q0J9Mwkdl6xMV8TjnGP3qJVJ06bdMgkbBlLU8IdfOsIsFz2BW1rNVT3XuNEl8zPAvw=="
    },
    "picocolors": {
      "version": "1.0.0",
      "resolved": "https://registry.npmjs.org/picocolors/-/picocolors-1.0.0.tgz",
      "integrity": "sha512-1fygroTLlHu66zi26VoTDv8yRgm0Fccecssto+MhsZ0D/DGW2sm8E8AjW7NU5VVTRt5GxbeZ5qBuJr+HyLYkjQ=="
    },
    "postcss": {
      "version": "8.4.18",
      "resolved": "https://registry.npmjs.org/postcss/-/postcss-8.4.18.tgz",
      "integrity": "sha512-Wi8mWhncLJm11GATDaQKobXSNEYGUHeQLiQqDFG1qQ5UTDPTEvKw0Xt5NsTpktGTwLps3ByrWsBrG0rB8YQ9oA==",
      "requires": {
        "nanoid": "^3.3.4",
        "picocolors": "^1.0.0",
        "source-map-js": "^1.0.2"
      }
    },
    "posthtml": {
      "version": "0.16.6",
      "resolved": "https://registry.npmjs.org/posthtml/-/posthtml-0.16.6.tgz",
      "integrity": "sha512-JcEmHlyLK/o0uGAlj65vgg+7LIms0xKXe60lcDOTU7oVX/3LuEuLwrQpW3VJ7de5TaFKiW4kWkaIpJL42FEgxQ==",
      "requires": {
        "posthtml-parser": "^0.11.0",
        "posthtml-render": "^3.0.0"
      }
    },
    "posthtml-base-url": {
      "version": "1.1.0",
      "resolved": "https://registry.npmjs.org/posthtml-base-url/-/posthtml-base-url-1.1.0.tgz",
      "integrity": "sha512-OjTLKI7dD0WgTK1SHhEOO+AbjP48QWdQOOOo0f4x3z20mf+T6XR0dJEragKanGqP9yAfVEOmGUqgJTGA+pqjDg==",
      "requires": {
        "is-url-superb": "^5.0.0",
        "lodash.merge": "^4.6.2",
        "postcss": "^8.4.6",
        "srcset": "^4.0.0"
      },
      "dependencies": {
        "srcset": {
          "version": "4.0.0",
          "resolved": "https://registry.npmjs.org/srcset/-/srcset-4.0.0.tgz",
          "integrity": "sha512-wvLeHgcVHKO8Sc/H/5lkGreJQVeYMm9rlmt8PuR1xE31rIuXhuzznUUqAt8MqLhB3MqJdFzlNAfpcWnxiFUcPw=="
        }
      }
    },
    "posthtml-parser": {
      "version": "0.11.0",
      "resolved": "https://registry.npmjs.org/posthtml-parser/-/posthtml-parser-0.11.0.tgz",
      "integrity": "sha512-QecJtfLekJbWVo/dMAA+OSwY79wpRmbqS5TeXvXSX+f0c6pW4/SE6inzZ2qkU7oAMCPqIDkZDvd/bQsSFUnKyw==",
      "requires": {
        "htmlparser2": "^7.1.1"
      }
    },
    "posthtml-render": {
      "version": "3.0.0",
      "resolved": "https://registry.npmjs.org/posthtml-render/-/posthtml-render-3.0.0.tgz",
      "integrity": "sha512-z+16RoxK3fUPgwaIgH9NGnK1HKY9XIDpydky5eQGgAFVXTCSezalv9U2jQuNV+Z9qV1fDWNzldcw4eK0SSbqKA==",
      "requires": {
        "is-json": "^2.0.1"
      }
    },
    "resolve-from": {
      "version": "4.0.0",
      "resolved": "https://registry.npmjs.org/resolve-from/-/resolve-from-4.0.0.tgz",
      "integrity": "sha512-pb/MYmXstAkysRFx8piNI1tGFNQIFA3vkE3Gq4EuA1dF6gHp/+vgZqsCGJapvy8N3Q+4o7FwvquPJcnZ7RYy4g=="
    },
    "source-map-js": {
      "version": "1.0.2",
      "resolved": "https://registry.npmjs.org/source-map-js/-/source-map-js-1.0.2.tgz",
      "integrity": "sha512-R0XvVJ9WusLiqTCEiGCmICCMplcCkIwwR11mOSD9CR5u+IXYdiseeEuXCVAjS54zqwkLcPNnmU4OeJ6tUrWhDw=="
    },
    "srcset": {
      "version": "5.0.0",
      "resolved": "https://registry.npmjs.org/srcset/-/srcset-5.0.0.tgz",
      "integrity": "sha512-SqEZaAEhe0A6ETEa9O1IhSPC7MdvehZtCnTR0AftXk3QhY2UNgb+NApFOUPZILXk/YTDfFxMTNJOBpzrJsEdIA==",
      "optional": true,
      "peer": true
    },
    "supports-color": {
      "version": "5.5.0",
      "resolved": "https://registry.npmjs.org/supports-color/-/supports-color-5.5.0.tgz",
      "integrity": "sha512-QjVjwdXIt408MIiAqCX4oUKsgU2EqAGzs2Ppkm4aQYbjm+ZEWEcW4SfFNTr4uMNZma0ey4f5lgLrkB0aX0QMow==",
      "requires": {
        "has-flag": "^3.0.0"
      }
    },
    "timsort": {
      "version": "0.3.0",
      "resolved": "https://registry.npmjs.org/timsort/-/timsort-0.3.0.tgz",
      "integrity": "sha512-qsdtZH+vMoCARQtyod4imc2nIJwg9Cc7lPRrw9CzF8ZKR0khdr8+2nX80PBhET3tcyTtJDxAffGh2rXH4tyU8A=="
    },
    "yaml": {
      "version": "1.10.2",
      "resolved": "https://registry.npmjs.org/yaml/-/yaml-1.10.2.tgz",
      "integrity": "sha512-r3vXyErRCYJ7wg28yvBY5VSoAF8ZvlcW9/BwUzEtUsjvX/DKs24dIkuwjtuprwJJHsbyUbLApepYTR1BN4uHrg=="
    }
  }
}
